// !$*UTF8*$!
{
	archiveVersion = 1;
	classes = {
	};
	objectVersion = 77;
	objects = {

/* Begin PBXBuildFile section */
		0D10997452F00B1B358DF73A /* Condition.swift in Sources */ = {isa = PBXBuildFile; fileRef = 1510856F65B2DAA3CF91E5A6 /* Condition.swift */; };
		0DF93577F854A421F8EBC0A4 /* Assets.xcassets in Resources */ = {isa = PBXBuildFile; fileRef = 8437296A7FAD343066127C37 /* Assets.xcassets */; };
		24153E22EB4BB69873FCC33F /* BuiltInRules.swift in Sources */ = {isa = PBXBuildFile; fileRef = 81689D15FF4C8840CE7A8814 /* BuiltInRules.swift */; };
		32B594F0525E9A0309B08E03 /* Rule.swift in Sources */ = {isa = PBXBuildFile; fileRef = 2827FC740B9A4FB3B0E74B77 /* Rule.swift */; };
		35DAAE680BD7C5AC076D0672 /* StoreMigration.swift in Sources */ = {isa = PBXBuildFile; fileRef = 44E75E7BFADBB610FFBADE45 /* StoreMigration.swift */; };
		3B7E2D948A572E047D57CB2C /* BuiltInRulesTests.swift in Sources */ = {isa = PBXBuildFile; fileRef = 8AEB13FCE438EAB13CF95CFF /* BuiltInRulesTests.swift */; };
		3DBBF690170053F76C83D62A /* FileNode.swift in Sources */ = {isa = PBXBuildFile; fileRef = 2C513FEF737C67F9A8A01313 /* FileNode.swift */; };
		634BA646758DCC9EA0AC3887 /* StoreMigrationTests.swift in Sources */ = {isa = PBXBuildFile; fileRef = 155A6BAEA16D45D6A694F583 /* StoreMigrationTests.swift */; };
		7261297FF3212D80CE7E8157 /* BookmarkStoreTests.swift in Sources */ = {isa = PBXBuildFile; fileRef = 44027E634235E1AD69EB2545 /* BookmarkStoreTests.swift */; };
		7ADD9E1B0CE9222D4E420415 /* RuleEngine.swift in Sources */ = {isa = PBXBuildFile; fileRef = FD4B927888C55EEE3EF9DF42 /* RuleEngine.swift */; };
		82C50720487DE41E2F1EA732 /* SmokeTest.swift in Sources */ = {isa = PBXBuildFile; fileRef = 80614E329F6887741C6CD472 /* SmokeTest.swift */; };
		97A7EC8B05EFDB6A1442B25B /* Workspace.swift in Sources */ = {isa = PBXBuildFile; fileRef = 57FC96CE6EB7EA1592EC8277 /* Workspace.swift */; };
		A2F4C3BE46B4561CD3ED926C /* ConditionEvaluatorTests.swift in Sources */ = {isa = PBXBuildFile; fileRef = AE4BE5D538DBF09A954ADBE7 /* ConditionEvaluatorTests.swift */; };
		A75A67CD151F61F8D9DE1690 /* KindClassifier.swift in Sources */ = {isa = PBXBuildFile; fileRef = E3056F15ECF7AD4765009315 /* KindClassifier.swift */; };
		A861FBB846D01D8B9C50C561 /* FileTag.swift in Sources */ = {isa = PBXBuildFile; fileRef = A7944B285B52C768330CAC0E /* FileTag.swift */; };
		B04E7A7D058FDAD42BC623F7 /* FileIndexerTests.swift in Sources */ = {isa = PBXBuildFile; fileRef = 86E07756A69CE1E2DE0EA3A7 /* FileIndexerTests.swift */; };
		BB3ADF72F703933E87506D1B /* BookmarkStore.swift in Sources */ = {isa = PBXBuildFile; fileRef = 7918D2D372655629E017695D /* BookmarkStore.swift */; };
		C5EFE5C7D1D2A585CD99FA0A /* KindClassifierTests.swift in Sources */ = {isa = PBXBuildFile; fileRef = 9B1E79EB800BF7F6A081E690 /* KindClassifierTests.swift */; };
		CF08180DA757AEC2234843DF /* RuleEngineTests.swift in Sources */ = {isa = PBXBuildFile; fileRef = 6809B84FD4ECE32202A026DE /* RuleEngineTests.swift */; };
		D178594FB848DD18F1559E49 /* FileLensApp.swift in Sources */ = {isa = PBXBuildFile; fileRef = B4DA075B7637F930149C6308 /* FileLensApp.swift */; };
		E4CEAF3C49D444C42335A4B3 /* FileIndexer.swift in Sources */ = {isa = PBXBuildFile; fileRef = D512404F714AB5C047E39035 /* FileIndexer.swift */; };
		F090A71C8D9ED6D527B6ACC7 /* ConditionEvaluator.swift in Sources */ = {isa = PBXBuildFile; fileRef = B799D07B0CA5F7C128D52050 /* ConditionEvaluator.swift */; };
/* End PBXBuildFile section */

/* Begin PBXContainerItemProxy section */
		B62428E0D393D715CD295EB6 /* PBXContainerItemProxy */ = {
			isa = PBXContainerItemProxy;
			containerPortal = 1C67C674A45E320D1E903B2E /* Project object */;
			proxyType = 1;
			remoteGlobalIDString = CB594EE2A0710ADEEC45D859;
			remoteInfo = FileLens;
		};
/* End PBXContainerItemProxy section */

/* Begin PBXFileReference section */
		1510856F65B2DAA3CF91E5A6 /* Condition.swift */ = {isa = PBXFileReference; lastKnownFileType = sourcecode.swift; path = Condition.swift; sourceTree = "<group>"; };
		155A6BAEA16D45D6A694F583 /* StoreMigrationTests.swift */ = {isa = PBXFileReference; lastKnownFileType = sourcecode.swift; path = StoreMigrationTests.swift; sourceTree = "<group>"; };
		2827FC740B9A4FB3B0E74B77 /* Rule.swift */ = {isa = PBXFileReference; lastKnownFileType = sourcecode.swift; path = Rule.swift; sourceTree = "<group>"; };
		2C513FEF737C67F9A8A01313 /* FileNode.swift */ = {isa = PBXFileReference; lastKnownFileType = sourcecode.swift; path = FileNode.swift; sourceTree = "<group>"; };
		44027E634235E1AD69EB2545 /* BookmarkStoreTests.swift */ = {isa = PBXFileReference; lastKnownFileType = sourcecode.swift; path = BookmarkStoreTests.swift; sourceTree = "<group>"; };
		44E75E7BFADBB610FFBADE45 /* StoreMigration.swift */ = {isa = PBXFileReference; lastKnownFileType = sourcecode.swift; path = StoreMigration.swift; sourceTree = "<group>"; };
		57FC96CE6EB7EA1592EC8277 /* Workspace.swift */ = {isa = PBXFileReference; lastKnownFileType = sourcecode.swift; path = Workspace.swift; sourceTree = "<group>"; };
		6809B84FD4ECE32202A026DE /* RuleEngineTests.swift */ = {isa = PBXFileReference; lastKnownFileType = sourcecode.swift; path = RuleEngineTests.swift; sourceTree = "<group>"; };
		7918D2D372655629E017695D /* BookmarkStore.swift */ = {isa = PBXFileReference; lastKnownFileType = sourcecode.swift; path = BookmarkStore.swift; sourceTree = "<group>"; };
		80614E329F6887741C6CD472 /* SmokeTest.swift */ = {isa = PBXFileReference; lastKnownFileType = sourcecode.swift; path = SmokeTest.swift; sourceTree = "<group>"; };
		81689D15FF4C8840CE7A8814 /* BuiltInRules.swift */ = {isa = PBXFileReference; lastKnownFileType = sourcecode.swift; path = BuiltInRules.swift; sourceTree = "<group>"; };
		8437296A7FAD343066127C37 /* Assets.xcassets */ = {isa = PBXFileReference; lastKnownFileType = folder.assetcatalog; path = Assets.xcassets; sourceTree = "<group>"; };
		86E07756A69CE1E2DE0EA3A7 /* FileIndexerTests.swift */ = {isa = PBXFileReference; lastKnownFileType = sourcecode.swift; path = FileIndexerTests.swift; sourceTree = "<group>"; };
		8AEB13FCE438EAB13CF95CFF /* BuiltInRulesTests.swift */ = {isa = PBXFileReference; lastKnownFileType = sourcecode.swift; path = BuiltInRulesTests.swift; sourceTree = "<group>"; };
		9B1E79EB800BF7F6A081E690 /* KindClassifierTests.swift */ = {isa = PBXFileReference; lastKnownFileType = sourcecode.swift; path = KindClassifierTests.swift; sourceTree = "<group>"; };
		A7944B285B52C768330CAC0E /* FileTag.swift */ = {isa = PBXFileReference; lastKnownFileType = sourcecode.swift; path = FileTag.swift; sourceTree = "<group>"; };
		AE4BE5D538DBF09A954ADBE7 /* ConditionEvaluatorTests.swift */ = {isa = PBXFileReference; lastKnownFileType = sourcecode.swift; path = ConditionEvaluatorTests.swift; sourceTree = "<group>"; };
		B4DA075B7637F930149C6308 /* FileLensApp.swift */ = {isa = PBXFileReference; lastKnownFileType = sourcecode.swift; path = FileLensApp.swift; sourceTree = "<group>"; };
		B799D07B0CA5F7C128D52050 /* ConditionEvaluator.swift */ = {isa = PBXFileReference; lastKnownFileType = sourcecode.swift; path = ConditionEvaluator.swift; sourceTree = "<group>"; };
		D512404F714AB5C047E39035 /* FileIndexer.swift */ = {isa = PBXFileReference; lastKnownFileType = sourcecode.swift; path = FileIndexer.swift; sourceTree = "<group>"; };
		E3056F15ECF7AD4765009315 /* KindClassifier.swift */ = {isa = PBXFileReference; lastKnownFileType = sourcecode.swift; path = KindClassifier.swift; sourceTree = "<group>"; };
		EAEEC2CDC7A283F82157D107 /* FileLensTests.xctest */ = {isa = PBXFileReference; explicitFileType = wrapper.cfbundle; includeInIndex = 0; path = FileLensTests.xctest; sourceTree = BUILT_PRODUCTS_DIR; };
		F8CC5E93498888D920C8825F /* FileLens.app */ = {isa = PBXFileReference; explicitFileType = wrapper.application; includeInIndex = 0; path = FileLens.app; sourceTree = BUILT_PRODUCTS_DIR; };
		FD4B927888C55EEE3EF9DF42 /* RuleEngine.swift */ = {isa = PBXFileReference; lastKnownFileType = sourcecode.swift; path = RuleEngine.swift; sourceTree = "<group>"; };
/* End PBXFileReference section */

/* Begin PBXGroup section */
		0BC6AB81DDA190D1F80B47A9 /* Services */ = {
			isa = PBXGroup;
			children = (
				7918D2D372655629E017695D /* BookmarkStore.swift */,
				81689D15FF4C8840CE7A8814 /* BuiltInRules.swift */,
				B799D07B0CA5F7C128D52050 /* ConditionEvaluator.swift */,
				D512404F714AB5C047E39035 /* FileIndexer.swift */,
				E3056F15ECF7AD4765009315 /* KindClassifier.swift */,
				FD4B927888C55EEE3EF9DF42 /* RuleEngine.swift */,
				44E75E7BFADBB610FFBADE45 /* StoreMigration.swift */,
			);
			path = Services;
			sourceTree = "<group>";
		};
		1F05A322587529E129E8CB85 /* FileLensTests */ = {
			isa = PBXGroup;
			children = (
				44027E634235E1AD69EB2545 /* BookmarkStoreTests.swift */,
				8AEB13FCE438EAB13CF95CFF /* BuiltInRulesTests.swift */,
				AE4BE5D538DBF09A954ADBE7 /* ConditionEvaluatorTests.swift */,
				86E07756A69CE1E2DE0EA3A7 /* FileIndexerTests.swift */,
				9B1E79EB800BF7F6A081E690 /* KindClassifierTests.swift */,
				6809B84FD4ECE32202A026DE /* RuleEngineTests.swift */,
				80614E329F6887741C6CD472 /* SmokeTest.swift */,
				155A6BAEA16D45D6A694F583 /* StoreMigrationTests.swift */,
			);
			path = FileLensTests;
			sourceTree = "<group>";
		};
		276BFB4C9D2C852B563C74B9 = {
			isa = PBXGroup;
			children = (
				9998065CB845D1EB6CFE6EFD /* FileLens */,
				1F05A322587529E129E8CB85 /* FileLensTests */,
				824E149888DB107BD2E1AAC9 /* Products */,
			);
			indentWidth = 4;
			sourceTree = "<group>";
			tabWidth = 4;
			usesTabs = 0;
		};
		824E149888DB107BD2E1AAC9 /* Products */ = {
			isa = PBXGroup;
			children = (
				F8CC5E93498888D920C8825F /* FileLens.app */,
				EAEEC2CDC7A283F82157D107 /* FileLensTests.xctest */,
			);
			name = Products;
			sourceTree = "<group>";
		};
		9998065CB845D1EB6CFE6EFD /* FileLens */ = {
			isa = PBXGroup;
			children = (
				B4DA075B7637F930149C6308 /* FileLensApp.swift */,
				CBA06359BAFC657534DDEC65 /* Models */,
				B26E36B9103988EF28C5AD93 /* Resources */,
				0BC6AB81DDA190D1F80B47A9 /* Services */,
			);
			path = FileLens;
			sourceTree = "<group>";
		};
		B26E36B9103988EF28C5AD93 /* Resources */ = {
			isa = PBXGroup;
			children = (
				8437296A7FAD343066127C37 /* Assets.xcassets */,
			);
			path = Resources;
			sourceTree = "<group>";
		};
		CBA06359BAFC657534DDEC65 /* Models */ = {
			isa = PBXGroup;
			children = (
				1510856F65B2DAA3CF91E5A6 /* Condition.swift */,
				2C513FEF737C67F9A8A01313 /* FileNode.swift */,
				A7944B285B52C768330CAC0E /* FileTag.swift */,
				2827FC740B9A4FB3B0E74B77 /* Rule.swift */,
				57FC96CE6EB7EA1592EC8277 /* Workspace.swift */,
			);
			path = Models;
			sourceTree = "<group>";
		};
/* End PBXGroup section */

/* Begin PBXNativeTarget section */
		CB594EE2A0710ADEEC45D859 /* FileLens */ = {
			isa = PBXNativeTarget;
			buildConfigurationList = DA4E7DC57866B5B2864D34CB /* Build configuration list for PBXNativeTarget "FileLens" */;
			buildPhases = (
				E751C545CF6E87A16FCF83D9 /* Sources */,
				3A2FDEFD632DD3D25FA9A1BE /* Resources */,
			);
			buildRules = (
			);
			dependencies = (
			);
			name = FileLens;
			packageProductDependencies = (
			);
			productName = FileLens;
			productReference = F8CC5E93498888D920C8825F /* FileLens.app */;
			productType = "com.apple.product-type.application";
		};
		CFCF23718310AC0E375130BB /* FileLensTests */ = {
			isa = PBXNativeTarget;
			buildConfigurationList = 8A149652C3D7F869C95E690F /* Build configuration list for PBXNativeTarget "FileLensTests" */;
			buildPhases = (
				B971D47BED58B451F798C873 /* Sources */,
			);
			buildRules = (
			);
			dependencies = (
				28BA7E05492BEAE1DF6224D6 /* PBXTargetDependency */,
			);
			name = FileLensTests;
			packageProductDependencies = (
			);
			productName = FileLensTests;
			productReference = EAEEC2CDC7A283F82157D107 /* FileLensTests.xctest */;
			productType = "com.apple.product-type.bundle.unit-test";
		};
/* End PBXNativeTarget section */

/* Begin PBXProject section */
		1C67C674A45E320D1E903B2E /* Project object */ = {
			isa = PBXProject;
			attributes = {
				BuildIndependentTargetsInParallel = YES;
				LastUpgradeCheck = 1430;
				TargetAttributes = {
					CB594EE2A0710ADEEC45D859 = {
						DevelopmentTeam = "";
						ProvisioningStyle = Automatic;
					};
					CFCF23718310AC0E375130BB = {
						DevelopmentTeam = "";
						ProvisioningStyle = Automatic;
					};
				};
			};
			buildConfigurationList = A973C8CD660572A985CD94B8 /* Build configuration list for PBXProject "FileLens" */;
			developmentRegion = en;
			hasScannedForEncodings = 0;
			knownRegions = (
				Base,
				en,
			);
			mainGroup = 276BFB4C9D2C852B563C74B9;
			minimizedProjectReferenceProxies = 1;
			preferredProjectObjectVersion = 77;
			productRefGroup = 824E149888DB107BD2E1AAC9 /* Products */;
			projectDirPath = "";
			projectRoot = "";
			targets = (
				CB594EE2A0710ADEEC45D859 /* FileLens */,
				CFCF23718310AC0E375130BB /* FileLensTests */,
			);
		};
/* End PBXProject section */

/* Begin PBXResourcesBuildPhase section */
		3A2FDEFD632DD3D25FA9A1BE /* Resources */ = {
			isa = PBXResourcesBuildPhase;
			buildActionMask = 2147483647;
			files = (
				0DF93577F854A421F8EBC0A4 /* Assets.xcassets in Resources */,
			);
			runOnlyForDeploymentPostprocessing = 0;
		};
/* End PBXResourcesBuildPhase section */

/* Begin PBXSourcesBuildPhase section */
		B971D47BED58B451F798C873 /* Sources */ = {
			isa = PBXSourcesBuildPhase;
			buildActionMask = 2147483647;
			files = (
				7261297FF3212D80CE7E8157 /* BookmarkStoreTests.swift in Sources */,
				3B7E2D948A572E047D57CB2C /* BuiltInRulesTests.swift in Sources */,
				A2F4C3BE46B4561CD3ED926C /* ConditionEvaluatorTests.swift in Sources */,
				B04E7A7D058FDAD42BC623F7 /* FileIndexerTests.swift in Sources */,
				C5EFE5C7D1D2A585CD99FA0A /* KindClassifierTests.swift in Sources */,
				CF08180DA757AEC2234843DF /* RuleEngineTests.swift in Sources */,
				82C50720487DE41E2F1EA732 /* SmokeTest.swift in Sources */,
				634BA646758DCC9EA0AC3887 /* StoreMigrationTests.swift in Sources */,
			);
			runOnlyForDeploymentPostprocessing = 0;
		};
		E751C545CF6E87A16FCF83D9 /* Sources */ = {
			isa = PBXSourcesBuildPhase;
			buildActionMask = 2147483647;
			files = (
				BB3ADF72F703933E87506D1B /* BookmarkStore.swift in Sources */,
				24153E22EB4BB69873FCC33F /* BuiltInRules.swift in Sources */,
				0D10997452F00B1B358DF73A /* Condition.swift in Sources */,
				F090A71C8D9ED6D527B6ACC7 /* ConditionEvaluator.swift in Sources */,
				E4CEAF3C49D444C42335A4B3 /* FileIndexer.swift in Sources */,
				D178594FB848DD18F1559E49 /* FileLensApp.swift in Sources */,
				3DBBF690170053F76C83D62A /* FileNode.swift in Sources */,
				A861FBB846D01D8B9C50C561 /* FileTag.swift in Sources */,
				A75A67CD151F61F8D9DE1690 /* KindClassifier.swift in Sources */,
				32B594F0525E9A0309B08E03 /* Rule.swift in Sources */,
				7ADD9E1B0CE9222D4E420415 /* RuleEngine.swift in Sources */,
				35DAAE680BD7C5AC076D0672 /* StoreMigration.swift in Sources */,
				97A7EC8B05EFDB6A1442B25B /* Workspace.swift in Sources */,
			);
			runOnlyForDeploymentPostprocessing = 0;
		};
/* End PBXSourcesBuildPhase section */

/* Begin PBXTargetDependency section */
		28BA7E05492BEAE1DF6224D6 /* PBXTargetDependency */ = {
			isa = PBXTargetDependency;
			target = CB594EE2A0710ADEEC45D859 /* FileLens */;
			targetProxy = B62428E0D393D715CD295EB6 /* PBXContainerItemProxy */;
		};
/* End PBXTargetDependency section */

/* Begin XCBuildConfiguration section */
		2695F4DCE61320FE04A7B09B /* Debug */ = {
			isa = XCBuildConfiguration;
			buildSettings = {
				ASSETCATALOG_COMPILER_APPICON_NAME = AppIcon;
				CODE_SIGN_ENTITLEMENTS = FileLens.entitlements;
				COMBINE_HIDPI_IMAGES = YES;
				ENABLE_HARDENED_RUNTIME = YES;
				GENERATE_INFOPLIST_FILE = YES;
				INFOPLIST_KEY_CFBundleDisplayName = FileLens;
				INFOPLIST_KEY_LSApplicationCategoryType = "public.app-category.utilities";
				INFOPLIST_KEY_NSHumanReadableCopyright = "© 2026 lifedever";
				INFOPLIST_KEY_NSMainStoryboardFile = "";
				INFOPLIST_KEY_NSPrincipalClass = NSApplication;
				LD_RUNPATH_SEARCH_PATHS = (
					"$(inherited)",
					"@executable_path/../Frameworks",
				);
				PRODUCT_BUNDLE_IDENTIFIER = com.lifedever.FileLens;
				SDKROOT = macosx;
			};
			name = Debug;
		};
		65F329F783A09E020739BD41 /* Release */ = {
			isa = XCBuildConfiguration;
			buildSettings = {
				ASSETCATALOG_COMPILER_APPICON_NAME = AppIcon;
				CODE_SIGN_ENTITLEMENTS = FileLens.entitlements;
				COMBINE_HIDPI_IMAGES = YES;
				ENABLE_HARDENED_RUNTIME = YES;
				GENERATE_INFOPLIST_FILE = YES;
				INFOPLIST_KEY_CFBundleDisplayName = FileLens;
				INFOPLIST_KEY_LSApplicationCategoryType = "public.app-category.utilities";
				INFOPLIST_KEY_NSHumanReadableCopyright = "© 2026 lifedever";
				INFOPLIST_KEY_NSMainStoryboardFile = "";
				INFOPLIST_KEY_NSPrincipalClass = NSApplication;
				LD_RUNPATH_SEARCH_PATHS = (
					"$(inherited)",
					"@executable_path/../Frameworks",
				);
				PRODUCT_BUNDLE_IDENTIFIER = com.lifedever.FileLens;
				SDKROOT = macosx;
			};
			name = Release;
		};
		A134EEE2618CEED3736F67E8 /* Debug */ = {
			isa = XCBuildConfiguration;
			buildSettings = {
				ALWAYS_SEARCH_USER_PATHS = NO;
				CLANG_ANALYZER_NONNULL = YES;
				CLANG_ANALYZER_NUMBER_OBJECT_CONVERSION = YES_AGGRESSIVE;
				CLANG_CXX_LANGUAGE_STANDARD = "gnu++14";
				CLANG_CXX_LIBRARY = "libc++";
				CLANG_ENABLE_MODULES = YES;
				CLANG_ENABLE_OBJC_ARC = YES;
				CLANG_ENABLE_OBJC_WEAK = YES;
				CLANG_WARN_BLOCK_CAPTURE_AUTORELEASING = YES;
				CLANG_WARN_BOOL_CONVERSION = YES;
				CLANG_WARN_COMMA = YES;
				CLANG_WARN_CONSTANT_CONVERSION = YES;
				CLANG_WARN_DEPRECATED_OBJC_IMPLEMENTATIONS = YES;
				CLANG_WARN_DIRECT_OBJC_ISA_USAGE = YES_ERROR;
				CLANG_WARN_DOCUMENTATION_COMMENTS = YES;
				CLANG_WARN_EMPTY_BODY = YES;
				CLANG_WARN_ENUM_CONVERSION = YES;
				CLANG_WARN_INFINITE_RECURSION = YES;
				CLANG_WARN_INT_CONVERSION = YES;
				CLANG_WARN_NON_LITERAL_NULL_CONVERSION = YES;
				CLANG_WARN_OBJC_IMPLICIT_RETAIN_SELF = YES;
				CLANG_WARN_OBJC_LITERAL_CONVERSION = YES;
				CLANG_WARN_OBJC_ROOT_CLASS = YES_ERROR;
				CLANG_WARN_QUOTED_INCLUDE_IN_FRAMEWORK_HEADER = YES;
				CLANG_WARN_RANGE_LOOP_ANALYSIS = YES;
				CLANG_WARN_STRICT_PROTOTYPES = YES;
				CLANG_WARN_SUSPICIOUS_MOVE = YES;
				CLANG_WARN_UNGUARDED_AVAILABILITY = YES_AGGRESSIVE;
				CLANG_WARN_UNREACHABLE_CODE = YES;
				CLANG_WARN__DUPLICATE_METHOD_MATCH = YES;
				CODE_SIGN_IDENTITY = "-";
				CODE_SIGN_STYLE = Automatic;
				COPY_PHASE_STRIP = NO;
				CURRENT_PROJECT_VERSION = 1;
				DEBUG_INFORMATION_FORMAT = dwarf;
				DEVELOPMENT_TEAM = "";
				ENABLE_STRICT_OBJC_MSGSEND = YES;
				ENABLE_TESTABILITY = YES;
				ENABLE_USER_SCRIPT_SANDBOXING = NO;
				GCC_C_LANGUAGE_STANDARD = gnu11;
				GCC_DYNAMIC_NO_PIC = NO;
				GCC_NO_COMMON_BLOCKS = YES;
				GCC_OPTIMIZATION_LEVEL = 0;
				GCC_PREPROCESSOR_DEFINITIONS = (
					"$(inherited)",
					"DEBUG=1",
				);
				GCC_WARN_64_TO_32_BIT_CONVERSION = YES;
				GCC_WARN_ABOUT_RETURN_TYPE = YES_ERROR;
				GCC_WARN_UNDECLARED_SELECTOR = YES;
				GCC_WARN_UNINITIALIZED_AUTOS = YES_AGGRESSIVE;
				GCC_WARN_UNUSED_FUNCTION = YES;
				GCC_WARN_UNUSED_VARIABLE = YES;
				MACOSX_DEPLOYMENT_TARGET = 14.0;
				MARKETING_VERSION = 0.1.0;
				MTL_ENABLE_DEBUG_INFO = INCLUDE_SOURCE;
				MTL_FAST_MATH = YES;
				ONLY_ACTIVE_ARCH = YES;
				PRODUCT_NAME = "$(TARGET_NAME)";
				SDKROOT = macosx;
				SWIFT_ACTIVE_COMPILATION_CONDITIONS = DEBUG;
				SWIFT_OPTIMIZATION_LEVEL = "-Onone";
				SWIFT_VERSION = 5.9;
			};
			name = Debug;
		};
		A5D1A81D2878E13E0597AD58 /* Release */ = {
			isa = XCBuildConfiguration;
			buildSettings = {
				BUNDLE_LOADER = "$(TEST_HOST)";
				COMBINE_HIDPI_IMAGES = YES;
				GENERATE_INFOPLIST_FILE = YES;
				LD_RUNPATH_SEARCH_PATHS = (
					"$(inherited)",
					"@executable_path/../Frameworks",
					"@loader_path/../Frameworks",
				);
				PRODUCT_BUNDLE_IDENTIFIER = com.lifedever.FileLensTests;
				SDKROOT = macosx;
				TEST_HOST = "$(BUILT_PRODUCTS_DIR)/FileLens.app/Contents/MacOS/FileLens";
			};
			name = Release;
		};
		D66FAA359B1945F177D95D58 /* Release */ = {
			isa = XCBuildConfiguration;
			buildSettings = {
				ALWAYS_SEARCH_USER_PATHS = NO;
				CLANG_ANALYZER_NONNULL = YES;
				CLANG_ANALYZER_NUMBER_OBJECT_CONVERSION = YES_AGGRESSIVE;
				CLANG_CXX_LANGUAGE_STANDARD = "gnu++14";
				CLANG_CXX_LIBRARY = "libc++";
				CLANG_ENABLE_MODULES = YES;
				CLANG_ENABLE_OBJC_ARC = YES;
				CLANG_ENABLE_OBJC_WEAK = YES;
				CLANG_WARN_BLOCK_CAPTURE_AUTORELEASING = YES;
				CLANG_WARN_BOOL_CONVERSION = YES;
				CLANG_WARN_COMMA = YES;
				CLANG_WARN_CONSTANT_CONVERSION = YES;
				CLANG_WARN_DEPRECATED_OBJC_IMPLEMENTATIONS = YES;
				CLANG_WARN_DIRECT_OBJC_ISA_USAGE = YES_ERROR;
				CLANG_WARN_DOCUMENTATION_COMMENTS = YES;
				CLANG_WARN_EMPTY_BODY = YES;
				CLANG_WARN_ENUM_CONVERSION = YES;
				CLANG_WARN_INFINITE_RECURSION = YES;
				CLANG_WARN_INT_CONVERSION = YES;
				CLANG_WARN_NON_LITERAL_NULL_CONVERSION = YES;
				CLANG_WARN_OBJC_IMPLICIT_RETAIN_SELF = YES;
				CLANG_WARN_OBJC_LITERAL_CONVERSION = YES;
				CLANG_WARN_OBJC_ROOT_CLASS = YES_ERROR;
				CLANG_WARN_QUOTED_INCLUDE_IN_FRAMEWORK_HEADER = YES;
				CLANG_WARN_RANGE_LOOP_ANALYSIS = YES;
				CLANG_WARN_STRICT_PROTOTYPES = YES;
				CLANG_WARN_SUSPICIOUS_MOVE = YES;
				CLANG_WARN_UNGUARDED_AVAILABILITY = YES_AGGRESSIVE;
				CLANG_WARN_UNREACHABLE_CODE = YES;
				CLANG_WARN__DUPLICATE_METHOD_MATCH = YES;
				CODE_SIGN_IDENTITY = "-";
				CODE_SIGN_STYLE = Automatic;
				COPY_PHASE_STRIP = NO;
				CURRENT_PROJECT_VERSION = 1;
				DEBUG_INFORMATION_FORMAT = "dwarf-with-dsym";
				DEVELOPMENT_TEAM = "";
				ENABLE_NS_ASSERTIONS = NO;
				ENABLE_STRICT_OBJC_MSGSEND = YES;
				ENABLE_USER_SCRIPT_SANDBOXING = NO;
				GCC_C_LANGUAGE_STANDARD = gnu11;
				GCC_NO_COMMON_BLOCKS = YES;
				GCC_WARN_64_TO_32_BIT_CONVERSION = YES;
				GCC_WARN_ABOUT_RETURN_TYPE = YES_ERROR;
				GCC_WARN_UNDECLARED_SELECTOR = YES;
				GCC_WARN_UNINITIALIZED_AUTOS = YES_AGGRESSIVE;
				GCC_WARN_UNUSED_FUNCTION = YES;
				GCC_WARN_UNUSED_VARIABLE = YES;
				MACOSX_DEPLOYMENT_TARGET = 14.0;
				MARKETING_VERSION = 0.1.0;
				MTL_ENABLE_DEBUG_INFO = NO;
				MTL_FAST_MATH = YES;
				PRODUCT_NAME = "$(TARGET_NAME)";
				SDKROOT = macosx;
				SWIFT_COMPILATION_MODE = wholemodule;
				SWIFT_OPTIMIZATION_LEVEL = "-O";
				SWIFT_VERSION = 5.9;
			};
			name = Release;
		};
		D8C125640B47977A4666C8A1 /* Debug */ = {
			isa = XCBuildConfiguration;
			buildSettings = {
				BUNDLE_LOADER = "$(TEST_HOST)";
				COMBINE_HIDPI_IMAGES = YES;
				GENERATE_INFOPLIST_FILE = YES;
				LD_RUNPATH_SEARCH_PATHS = (
					"$(inherited)",
					"@executable_path/../Frameworks",
					"@loader_path/../Frameworks",
				);
				PRODUCT_BUNDLE_IDENTIFIER = com.lifedever.FileLensTests;
				SDKROOT = macosx;
				TEST_HOST = "$(BUILT_PRODUCTS_DIR)/FileLens.app/Contents/MacOS/FileLens";
			};
			name = Debug;
		};
/* End XCBuildConfiguration section */

/* Begin XCConfigurationList section */
		8A149652C3D7F869C95E690F /* Build configuration list for PBXNativeTarget "FileLensTests" */ = {
			isa = XCConfigurationList;
			buildConfigurations = (
				D8C125640B47977A4666C8A1 /* Debug */,
				A5D1A81D2878E13E0597AD58 /* Release */,
			);
			defaultConfigurationIsVisible = 0;
			defaultConfigurationName = Debug;
		};
		A973C8CD660572A985CD94B8 /* Build configuration list for PBXProject "FileLens" */ = {
			isa = XCConfigurationList;
			buildConfigurations = (
				A134EEE2618CEED3736F67E8 /* Debug */,
				D66FAA359B1945F177D95D58 /* Release */,
			);
			defaultConfigurationIsVisible = 0;
			defaultConfigurationName = Debug;
		};
		DA4E7DC57866B5B2864D34CB /* Build configuration list for PBXNativeTarget "FileLens" */ = {
			isa = XCConfigurationList;
			buildConfigurations = (
				2695F4DCE61320FE04A7B09B /* Debug */,
				65F329F783A09E020739BD41 /* Release */,
			);
			defaultConfigurationIsVisible = 0;
			defaultConfigurationName = Debug;
		};
/* End XCConfigurationList section */
	};
	rootObject = 1C67C674A45E320D1E903B2E /* Project object */;
}
