// !$*UTF8*$!
{
	archiveVersion = 1;
	classes = {
	};
	objectVersion = 77;
	objects = {

/* Begin PBXBuildFile section */
		0D10997452F00B1B358DF73A /* Condition.swift in Sources */ = {isa = PBXBuildFile; fileRef = 1510856F65B2DAA3CF91E5A6 /* Condition.swift */; };
		0DF93577F854A421F8EBC0A4 /* Assets.xcassets in Resources */ = {isa = PBXBuildFile; fileRef = 8437296A7FAD343066127C37 /* Assets.xcassets */; };
		1B45C965EDEFC84DB5F55369 /* RuleEditorView.swift in Sources */ = {isa = PBXBuildFile; fileRef = 3153193915FCBA0517AF4887 /* RuleEditorView.swift */; };
		1C82483D668EF4C07A1908C9 /* DateBucket.swift in Sources */ = {isa = PBXBuildFile; fileRef = 3A3EA88AD459C7B461D0CBDB /* DateBucket.swift */; };
		24153E22EB4BB69873FCC33F /* BuiltInRules.swift in Sources */ = {isa = PBXBuildFile; fileRef = 81689D15FF4C8840CE7A8814 /* BuiltInRules.swift */; };
		27EA6563D268529E3DE5CD7C /* InspectorView.swift in Sources */ = {isa = PBXBuildFile; fileRef = D6D7449A803044E4695A562D /* InspectorView.swift */; };
		2C7AA149CB06286CD4BBEA37 /* FileTableView.swift in Sources */ = {isa = PBXBuildFile; fileRef = E3054ED561401B7D6A12CF88 /* FileTableView.swift */; };
		303A0445741E756661A3B350 /* WelcomeSheet.swift in Sources */ = {isa = PBXBuildFile; fileRef = 7172EEC5BB032BFCDF940A7E /* WelcomeSheet.swift */; };
		32B594F0525E9A0309B08E03 /* Rule.swift in Sources */ = {isa = PBXBuildFile; fileRef = 2827FC740B9A4FB3B0E74B77 /* Rule.swift */; };
		35DAAE680BD7C5AC076D0672 /* StoreMigration.swift in Sources */ = {isa = PBXBuildFile; fileRef = 44E75E7BFADBB610FFBADE45 /* StoreMigration.swift */; };
		382B78D383C9FD2DE70DCDD3 /* FileContextMenu.swift in Sources */ = {isa = PBXBuildFile; fileRef = D50C4C9D4B9C9DE3080F7E93 /* FileContextMenu.swift */; };
		3B7E2D948A572E047D57CB2C /* BuiltInRulesTests.swift in Sources */ = {isa = PBXBuildFile; fileRef = 8AEB13FCE438EAB13CF95CFF /* BuiltInRulesTests.swift */; };
		3D198C7CF2A975FA0C11B139 /* GlobalShortcuts.swift in Sources */ = {isa = PBXBuildFile; fileRef = E5D0595257F22543299FBC3B /* GlobalShortcuts.swift */; };
		3DBBF690170053F76C83D62A /* FileNode.swift in Sources */ = {isa = PBXBuildFile; fileRef = 2C513FEF737C67F9A8A01313 /* FileNode.swift */; };
		4A13DC334C4554C920BBADB9 /* FileGridView.swift in Sources */ = {isa = PBXBuildFile; fileRef = 9BDFC79CD7F350521E290383 /* FileGridView.swift */; };
		4BBE6CA50FB57D057625BEE2 /* FileIconCache.swift in Sources */ = {isa = PBXBuildFile; fileRef = 7CE261FFE47BF24F0CC19AB5 /* FileIconCache.swift */; };
		634BA646758DCC9EA0AC3887 /* StoreMigrationTests.swift in Sources */ = {isa = PBXBuildFile; fileRef = 155A6BAEA16D45D6A694F583 /* StoreMigrationTests.swift */; };
		64BB924545EC9CB42D0B24B5 /* SidebarView.swift in Sources */ = {isa = PBXBuildFile; fileRef = 5CAA54EFF677ED6497E10C6E /* SidebarView.swift */; };
		7030F71364E91DCCF5536B2B /* WorkspaceCoordinator.swift in Sources */ = {isa = PBXBuildFile; fileRef = 29D9EE51C43125F951439935 /* WorkspaceCoordinator.swift */; };
		7261297FF3212D80CE7E8157 /* BookmarkStoreTests.swift in Sources */ = {isa = PBXBuildFile; fileRef = 44027E634235E1AD69EB2545 /* BookmarkStoreTests.swift */; };
		751E64C7F0908F5C0AAEF373 /* Toast.swift in Sources */ = {isa = PBXBuildFile; fileRef = D6C83B647598B4954994899F /* Toast.swift */; };
		76B88F61FC0D0B51A976B622 /* ContentView.swift in Sources */ = {isa = PBXBuildFile; fileRef = D502659659F1157BF93A606B /* ContentView.swift */; };
		7ADD9E1B0CE9222D4E420415 /* RuleEngine.swift in Sources */ = {isa = PBXBuildFile; fileRef = FD4B927888C55EEE3EF9DF42 /* RuleEngine.swift */; };
		829558C26421B6041B0D2133 /* CommandPaletteView.swift in Sources */ = {isa = PBXBuildFile; fileRef = 66A147E9B1C7969B49E9F90B /* CommandPaletteView.swift */; };
		82C50720487DE41E2F1EA732 /* SmokeTest.swift in Sources */ = {isa = PBXBuildFile; fileRef = 80614E329F6887741C6CD472 /* SmokeTest.swift */; };
		8A7EA4EB338279EC8E69D495 /* WorkspaceSettingsView.swift in Sources */ = {isa = PBXBuildFile; fileRef = 99A9BA082F3BF04C3E45EF10 /* WorkspaceSettingsView.swift */; };
		905F9ADA360943ED4DD9112F /* ConfigIO.swift in Sources */ = {isa = PBXBuildFile; fileRef = A65097F17D2597E22F273537 /* ConfigIO.swift */; };
		93FA60E2CFEAAE391C6E3A53 /* AppCommands.swift in Sources */ = {isa = PBXBuildFile; fileRef = 3F329BF8D3B562FA83727A51 /* AppCommands.swift */; };
		97A7EC8B05EFDB6A1442B25B /* Workspace.swift in Sources */ = {isa = PBXBuildFile; fileRef = 57FC96CE6EB7EA1592EC8277 /* Workspace.swift */; };
		98627D18688AB769B8E19C66 /* AppDelegate.swift in Sources */ = {isa = PBXBuildFile; fileRef = 1332BC41161C697626E96D21 /* AppDelegate.swift */; };
		9AFB44E60CDEFCA109433D87 /* CursorModifier.swift in Sources */ = {isa = PBXBuildFile; fileRef = CB1CBF2EBC0BC77326091DEB /* CursorModifier.swift */; };
		9CE00AA429D40322D32B97E1 /* FileActions.swift in Sources */ = {isa = PBXBuildFile; fileRef = 5DE16EA8F33244232D877BD8 /* FileActions.swift */; };
		A2F4C3BE46B4561CD3ED926C /* ConditionEvaluatorTests.swift in Sources */ = {isa = PBXBuildFile; fileRef = AE4BE5D538DBF09A954ADBE7 /* ConditionEvaluatorTests.swift */; };
		A75A67CD151F61F8D9DE1690 /* KindClassifier.swift in Sources */ = {isa = PBXBuildFile; fileRef = E3056F15ECF7AD4765009315 /* KindClassifier.swift */; };
		A861FBB846D01D8B9C50C561 /* FileTag.swift in Sources */ = {isa = PBXBuildFile; fileRef = A7944B285B52C768330CAC0E /* FileTag.swift */; };
		A902406B739520D4C2EA8855 /* FileActionRegistry.swift in Sources */ = {isa = PBXBuildFile; fileRef = D48E7EADEAB9ABA7C2091725 /* FileActionRegistry.swift */; };
		AB9772B645F10A1B46B98B41 /* ColorHexCoding.swift in Sources */ = {isa = PBXBuildFile; fileRef = B72194339AC67BBC30B3B20D /* ColorHexCoding.swift */; };
		AD19DCBE9F9AA64562309D51 /* FolderWatcher.swift in Sources */ = {isa = PBXBuildFile; fileRef = 8708E9405532B156A0EBAD32 /* FolderWatcher.swift */; };
		AF533D374D8DE6F77F83E887 /* KindDisplay.swift in Sources */ = {isa = PBXBuildFile; fileRef = 9F0F30CB69E8CE7F2F5BA1A2 /* KindDisplay.swift */; };
		B04E7A7D058FDAD42BC623F7 /* FileIndexerTests.swift in Sources */ = {isa = PBXBuildFile; fileRef = 86E07756A69CE1E2DE0EA3A7 /* FileIndexerTests.swift */; };
		B3FABADE094A0DAB8751E53E /* ThumbnailService.swift in Sources */ = {isa = PBXBuildFile; fileRef = 1AC448360C870672CEE5E20A /* ThumbnailService.swift */; };
		B8963B377E8BC946E90A83B3 /* TagDisplay.swift in Sources */ = {isa = PBXBuildFile; fileRef = B74B74F30C5CE1723296EDE7 /* TagDisplay.swift */; };
		BAB25144296EDA082C023A63 /* UpdateService.swift in Sources */ = {isa = PBXBuildFile; fileRef = 63738735992374454DFFD965 /* UpdateService.swift */; };
		BB3ADF72F703933E87506D1B /* BookmarkStore.swift in Sources */ = {isa = PBXBuildFile; fileRef = 7918D2D372655629E017695D /* BookmarkStore.swift */; };
		C5C8D7840936E93DE5085FE0 /* KeyboardShortcuts in Frameworks */ = {isa = PBXBuildFile; productRef = 0DBD9BF9B944E53CCE4E8ADD /* KeyboardShortcuts */; };
		C5EFE5C7D1D2A585CD99FA0A /* KindClassifierTests.swift in Sources */ = {isa = PBXBuildFile; fileRef = 9B1E79EB800BF7F6A081E690 /* KindClassifierTests.swift */; };
		C7B9F681A41DE611491846FF /* Localizable.xcstrings in Resources */ = {isa = PBXBuildFile; fileRef = 796657B9F8347E915F892BD3 /* Localizable.xcstrings */; };
		CF08180DA757AEC2234843DF /* RuleEngineTests.swift in Sources */ = {isa = PBXBuildFile; fileRef = 6809B84FD4ECE32202A026DE /* RuleEngineTests.swift */; };
		D178594FB848DD18F1559E49 /* FileLensApp.swift in Sources */ = {isa = PBXBuildFile; fileRef = B4DA075B7637F930149C6308 /* FileLensApp.swift */; };
		D813923044148DDC41240297 /* UpdateChecker.swift in Sources */ = {isa = PBXBuildFile; fileRef = FB5DF61D5F79F709E0F5D0CD /* UpdateChecker.swift */; };
		DBB9CA0E93E04B970FCCC733 /* FirstRunRulePicker.swift in Sources */ = {isa = PBXBuildFile; fileRef = 96D9E9F8EE0495017F38D06E /* FirstRunRulePicker.swift */; };
		DD52D7BF0E733B1B36456D3A /* QuickLookCoordinator.swift in Sources */ = {isa = PBXBuildFile; fileRef = 34A26BCAF8F3F34B7F601299 /* QuickLookCoordinator.swift */; };
		E040CF68070AD71791C00E18 /* SettingsView.swift in Sources */ = {isa = PBXBuildFile; fileRef = 50BA494FE9DF215ED4759FB8 /* SettingsView.swift */; };
		E4CEAF3C49D444C42335A4B3 /* FileIndexer.swift in Sources */ = {isa = PBXBuildFile; fileRef = D512404F714AB5C047E39035 /* FileIndexer.swift */; };
		ED84E9FCBE25FCF9D7CC01E2 /* ConfigIOTests.swift in Sources */ = {isa = PBXBuildFile; fileRef = BA91E9AF261309E44CC4AAEE /* ConfigIOTests.swift */; };
		F090A71C8D9ED6D527B6ACC7 /* ConditionEvaluator.swift in Sources */ = {isa = PBXBuildFile; fileRef = B799D07B0CA5F7C128D52050 /* ConditionEvaluator.swift */; };
		F1900CADCDF077FABDB06686 /* EmptyStateView.swift in Sources */ = {isa = PBXBuildFile; fileRef = 916AD25C5BE879DF69AE58DE /* EmptyStateView.swift */; };
		F9F4ED901FD9AC32EB430BC6 /* RuleNameMigration.swift in Sources */ = {isa = PBXBuildFile; fileRef = 43A6EE5ECCA3636AC3AA6BF6 /* RuleNameMigration.swift */; };
/* End PBXBuildFile section */

/* Begin PBXContainerItemProxy section */
		B62428E0D393D715CD295EB6 /* PBXContainerItemProxy */ = {
			isa = PBXContainerItemProxy;
			containerPortal = 1C67C674A45E320D1E903B2E /* Project object */;
			proxyType = 1;
			remoteGlobalIDString = CB594EE2A0710ADEEC45D859;
			remoteInfo = FileLens;
		};
/* End PBXContainerItemProxy section */

/* Begin PBXFileReference section */
		1332BC41161C697626E96D21 /* AppDelegate.swift */ = {isa = PBXFileReference; lastKnownFileType = sourcecode.swift; path = AppDelegate.swift; sourceTree = "<group>"; };
		1510856F65B2DAA3CF91E5A6 /* Condition.swift */ = {isa = PBXFileReference; lastKnownFileType = sourcecode.swift; path = Condition.swift; sourceTree = "<group>"; };
		155A6BAEA16D45D6A694F583 /* StoreMigrationTests.swift */ = {isa = PBXFileReference; lastKnownFileType = sourcecode.swift; path = StoreMigrationTests.swift; sourceTree = "<group>"; };
		1AC448360C870672CEE5E20A /* ThumbnailService.swift */ = {isa = PBXFileReference; lastKnownFileType = sourcecode.swift; path = ThumbnailService.swift; sourceTree = "<group>"; };
		2827FC740B9A4FB3B0E74B77 /* Rule.swift */ = {isa = PBXFileReference; lastKnownFileType = sourcecode.swift; path = Rule.swift; sourceTree = "<group>"; };
		29D9EE51C43125F951439935 /* WorkspaceCoordinator.swift */ = {isa = PBXFileReference; lastKnownFileType = sourcecode.swift; path = WorkspaceCoordinator.swift; sourceTree = "<group>"; };
		2C513FEF737C67F9A8A01313 /* FileNode.swift */ = {isa = PBXFileReference; lastKnownFileType = sourcecode.swift; path = FileNode.swift; sourceTree = "<group>"; };
		3153193915FCBA0517AF4887 /* RuleEditorView.swift */ = {isa = PBXFileReference; lastKnownFileType = sourcecode.swift; path = RuleEditorView.swift; sourceTree = "<group>"; };
		34A26BCAF8F3F34B7F601299 /* QuickLookCoordinator.swift */ = {isa = PBXFileReference; lastKnownFileType = sourcecode.swift; path = QuickLookCoordinator.swift; sourceTree = "<group>"; };
		3A3EA88AD459C7B461D0CBDB /* DateBucket.swift */ = {isa = PBXFileReference; lastKnownFileType = sourcecode.swift; path = DateBucket.swift; sourceTree = "<group>"; };
		3F329BF8D3B562FA83727A51 /* AppCommands.swift */ = {isa = PBXFileReference; lastKnownFileType = sourcecode.swift; path = AppCommands.swift; sourceTree = "<group>"; };
		43A6EE5ECCA3636AC3AA6BF6 /* RuleNameMigration.swift */ = {isa = PBXFileReference; lastKnownFileType = sourcecode.swift; path = RuleNameMigration.swift; sourceTree = "<group>"; };
		44027E634235E1AD69EB2545 /* BookmarkStoreTests.swift */ = {isa = PBXFileReference; lastKnownFileType = sourcecode.swift; path = BookmarkStoreTests.swift; sourceTree = "<group>"; };
		44E75E7BFADBB610FFBADE45 /* StoreMigration.swift */ = {isa = PBXFileReference; lastKnownFileType = sourcecode.swift; path = StoreMigration.swift; sourceTree = "<group>"; };
		50BA494FE9DF215ED4759FB8 /* SettingsView.swift */ = {isa = PBXFileReference; lastKnownFileType = sourcecode.swift; path = SettingsView.swift; sourceTree = "<group>"; };
		57FC96CE6EB7EA1592EC8277 /* Workspace.swift */ = {isa = PBXFileReference; lastKnownFileType = sourcecode.swift; path = Workspace.swift; sourceTree = "<group>"; };
		5CAA54EFF677ED6497E10C6E /* SidebarView.swift */ = {isa = PBXFileReference; lastKnownFileType = sourcecode.swift; path = SidebarView.swift; sourceTree = "<group>"; };
		5DE16EA8F33244232D877BD8 /* FileActions.swift */ = {isa = PBXFileReference; lastKnownFileType = sourcecode.swift; path = FileActions.swift; sourceTree = "<group>"; };
		63738735992374454DFFD965 /* UpdateService.swift */ = {isa = PBXFileReference; lastKnownFileType = sourcecode.swift; path = UpdateService.swift; sourceTree = "<group>"; };
		66A147E9B1C7969B49E9F90B /* CommandPaletteView.swift */ = {isa = PBXFileReference; lastKnownFileType = sourcecode.swift; path = CommandPaletteView.swift; sourceTree = "<group>"; };
		6809B84FD4ECE32202A026DE /* RuleEngineTests.swift */ = {isa = PBXFileReference; lastKnownFileType = sourcecode.swift; path = RuleEngineTests.swift; sourceTree = "<group>"; };
		7172EEC5BB032BFCDF940A7E /* WelcomeSheet.swift */ = {isa = PBXFileReference; lastKnownFileType = sourcecode.swift; path = WelcomeSheet.swift; sourceTree = "<group>"; };
		7918D2D372655629E017695D /* BookmarkStore.swift */ = {isa = PBXFileReference; lastKnownFileType = sourcecode.swift; path = BookmarkStore.swift; sourceTree = "<group>"; };
		796657B9F8347E915F892BD3 /* Localizable.xcstrings */ = {isa = PBXFileReference; lastKnownFileType = text.json.xcstrings; path = Localizable.xcstrings; sourceTree = "<group>"; };
		7CE261FFE47BF24F0CC19AB5 /* FileIconCache.swift */ = {isa = PBXFileReference; lastKnownFileType = sourcecode.swift; path = FileIconCache.swift; sourceTree = "<group>"; };
		80614E329F6887741C6CD472 /* SmokeTest.swift */ = {isa = PBXFileReference; lastKnownFileType = sourcecode.swift; path = SmokeTest.swift; sourceTree = "<group>"; };
		81689D15FF4C8840CE7A8814 /* BuiltInRules.swift */ = {isa = PBXFileReference; lastKnownFileType = sourcecode.swift; path = BuiltInRules.swift; sourceTree = "<group>"; };
		8437296A7FAD343066127C37 /* Assets.xcassets */ = {isa = PBXFileReference; lastKnownFileType = folder.assetcatalog; path = Assets.xcassets; sourceTree = "<group>"; };
		86E07756A69CE1E2DE0EA3A7 /* FileIndexerTests.swift */ = {isa = PBXFileReference; lastKnownFileType = sourcecode.swift; path = FileIndexerTests.swift; sourceTree = "<group>"; };
		8708E9405532B156A0EBAD32 /* FolderWatcher.swift */ = {isa = PBXFileReference; lastKnownFileType = sourcecode.swift; path = FolderWatcher.swift; sourceTree = "<group>"; };
		8AEB13FCE438EAB13CF95CFF /* BuiltInRulesTests.swift */ = {isa = PBXFileReference; lastKnownFileType = sourcecode.swift; path = BuiltInRulesTests.swift; sourceTree = "<group>"; };
		916AD25C5BE879DF69AE58DE /* EmptyStateView.swift */ = {isa = PBXFileReference; lastKnownFileType = sourcecode.swift; path = EmptyStateView.swift; sourceTree = "<group>"; };
		96D9E9F8EE0495017F38D06E /* FirstRunRulePicker.swift */ = {isa = PBXFileReference; lastKnownFileType = sourcecode.swift; path = FirstRunRulePicker.swift; sourceTree = "<group>"; };
		99A9BA082F3BF04C3E45EF10 /* WorkspaceSettingsView.swift */ = {isa = PBXFileReference; lastKnownFileType = sourcecode.swift; path = WorkspaceSettingsView.swift; sourceTree = "<group>"; };
		9B1E79EB800BF7F6A081E690 /* KindClassifierTests.swift */ = {isa = PBXFileReference; lastKnownFileType = sourcecode.swift; path = KindClassifierTests.swift; sourceTree = "<group>"; };
		9BDFC79CD7F350521E290383 /* FileGridView.swift */ = {isa = PBXFileReference; lastKnownFileType = sourcecode.swift; path = FileGridView.swift; sourceTree = "<group>"; };
		9F0F30CB69E8CE7F2F5BA1A2 /* KindDisplay.swift */ = {isa = PBXFileReference; lastKnownFileType = sourcecode.swift; path = KindDisplay.swift; sourceTree = "<group>"; };
		A65097F17D2597E22F273537 /* ConfigIO.swift */ = {isa = PBXFileReference; lastKnownFileType = sourcecode.swift; path = ConfigIO.swift; sourceTree = "<group>"; };
		A7944B285B52C768330CAC0E /* FileTag.swift */ = {isa = PBXFileReference; lastKnownFileType = sourcecode.swift; path = FileTag.swift; sourceTree = "<group>"; };
		AE4BE5D538DBF09A954ADBE7 /* ConditionEvaluatorTests.swift */ = {isa = PBXFileReference; lastKnownFileType = sourcecode.swift; path = ConditionEvaluatorTests.swift; sourceTree = "<group>"; };
		B4DA075B7637F930149C6308 /* FileLensApp.swift */ = {isa = PBXFileReference; lastKnownFileType = sourcecode.swift; path = FileLensApp.swift; sourceTree = "<group>"; };
		B72194339AC67BBC30B3B20D /* ColorHexCoding.swift */ = {isa = PBXFileReference; lastKnownFileType = sourcecode.swift; path = ColorHexCoding.swift; sourceTree = "<group>"; };
		B74B74F30C5CE1723296EDE7 /* TagDisplay.swift */ = {isa = PBXFileReference; lastKnownFileType = sourcecode.swift; path = TagDisplay.swift; sourceTree = "<group>"; };
		B799D07B0CA5F7C128D52050 /* ConditionEvaluator.swift */ = {isa = PBXFileReference; lastKnownFileType = sourcecode.swift; path = ConditionEvaluator.swift; sourceTree = "<group>"; };
		BA91E9AF261309E44CC4AAEE /* ConfigIOTests.swift */ = {isa = PBXFileReference; lastKnownFileType = sourcecode.swift; path = ConfigIOTests.swift; sourceTree = "<group>"; };
		CB1CBF2EBC0BC77326091DEB /* CursorModifier.swift */ = {isa = PBXFileReference; lastKnownFileType = sourcecode.swift; path = CursorModifier.swift; sourceTree = "<group>"; };
		D48E7EADEAB9ABA7C2091725 /* FileActionRegistry.swift */ = {isa = PBXFileReference; lastKnownFileType = sourcecode.swift; path = FileActionRegistry.swift; sourceTree = "<group>"; };
		D502659659F1157BF93A606B /* ContentView.swift */ = {isa = PBXFileReference; lastKnownFileType = sourcecode.swift; path = ContentView.swift; sourceTree = "<group>"; };
		D50C4C9D4B9C9DE3080F7E93 /* FileContextMenu.swift */ = {isa = PBXFileReference; lastKnownFileType = sourcecode.swift; path = FileContextMenu.swift; sourceTree = "<group>"; };
		D512404F714AB5C047E39035 /* FileIndexer.swift */ = {isa = PBXFileReference; lastKnownFileType = sourcecode.swift; path = FileIndexer.swift; sourceTree = "<group>"; };
		D6C83B647598B4954994899F /* Toast.swift */ = {isa = PBXFileReference; lastKnownFileType = sourcecode.swift; path = Toast.swift; sourceTree = "<group>"; };
		D6D7449A803044E4695A562D /* InspectorView.swift */ = {isa = PBXFileReference; lastKnownFileType = sourcecode.swift; path = InspectorView.swift; sourceTree = "<group>"; };
		E3054ED561401B7D6A12CF88 /* FileTableView.swift */ = {isa = PBXFileReference; lastKnownFileType = sourcecode.swift; path = FileTableView.swift; sourceTree = "<group>"; };
		E3056F15ECF7AD4765009315 /* KindClassifier.swift */ = {isa = PBXFileReference; lastKnownFileType = sourcecode.swift; path = KindClassifier.swift; sourceTree = "<group>"; };
		E5D0595257F22543299FBC3B /* GlobalShortcuts.swift */ = {isa = PBXFileReference; lastKnownFileType = sourcecode.swift; path = GlobalShortcuts.swift; sourceTree = "<group>"; };
		EAEEC2CDC7A283F82157D107 /* FileLensTests.xctest */ = {isa = PBXFileReference; explicitFileType = wrapper.cfbundle; includeInIndex = 0; path = FileLensTests.xctest; sourceTree = BUILT_PRODUCTS_DIR; };
		F8CC5E93498888D920C8825F /* FileLens.app */ = {isa = PBXFileReference; explicitFileType = wrapper.application; includeInIndex = 0; path = FileLens.app; sourceTree = BUILT_PRODUCTS_DIR; };
		FB5DF61D5F79F709E0F5D0CD /* UpdateChecker.swift */ = {isa = PBXFileReference; lastKnownFileType = sourcecode.swift; path = UpdateChecker.swift; sourceTree = "<group>"; };
		FD4B927888C55EEE3EF9DF42 /* RuleEngine.swift */ = {isa = PBXFileReference; lastKnownFileType = sourcecode.swift; path = RuleEngine.swift; sourceTree = "<group>"; };
/* End PBXFileReference section */

/* Begin PBXFrameworksBuildPhase section */
		075C2474F00F25B320FEE540 /* Frameworks */ = {
			isa = PBXFrameworksBuildPhase;
			buildActionMask = 2147483647;
			files = (
				C5C8D7840936E93DE5085FE0 /* KeyboardShortcuts in Frameworks */,
			);
			runOnlyForDeploymentPostprocessing = 0;
		};
/* End PBXFrameworksBuildPhase section */

/* Begin PBXGroup section */
		0BC6AB81DDA190D1F80B47A9 /* Services */ = {
			isa = PBXGroup;
			children = (
				3F329BF8D3B562FA83727A51 /* AppCommands.swift */,
				1332BC41161C697626E96D21 /* AppDelegate.swift */,
				7918D2D372655629E017695D /* BookmarkStore.swift */,
				81689D15FF4C8840CE7A8814 /* BuiltInRules.swift */,
				B72194339AC67BBC30B3B20D /* ColorHexCoding.swift */,
				B799D07B0CA5F7C128D52050 /* ConditionEvaluator.swift */,
				A65097F17D2597E22F273537 /* ConfigIO.swift */,
				CB1CBF2EBC0BC77326091DEB /* CursorModifier.swift */,
				3A3EA88AD459C7B461D0CBDB /* DateBucket.swift */,
				D48E7EADEAB9ABA7C2091725 /* FileActionRegistry.swift */,
				5DE16EA8F33244232D877BD8 /* FileActions.swift */,
				7CE261FFE47BF24F0CC19AB5 /* FileIconCache.swift */,
				D512404F714AB5C047E39035 /* FileIndexer.swift */,
				8708E9405532B156A0EBAD32 /* FolderWatcher.swift */,
				E5D0595257F22543299FBC3B /* GlobalShortcuts.swift */,
				E3056F15ECF7AD4765009315 /* KindClassifier.swift */,
				9F0F30CB69E8CE7F2F5BA1A2 /* KindDisplay.swift */,
				34A26BCAF8F3F34B7F601299 /* QuickLookCoordinator.swift */,
				FD4B927888C55EEE3EF9DF42 /* RuleEngine.swift */,
				43A6EE5ECCA3636AC3AA6BF6 /* RuleNameMigration.swift */,
				44E75E7BFADBB610FFBADE45 /* StoreMigration.swift */,
				B74B74F30C5CE1723296EDE7 /* TagDisplay.swift */,
				1AC448360C870672CEE5E20A /* ThumbnailService.swift */,
				D6C83B647598B4954994899F /* Toast.swift */,
				FB5DF61D5F79F709E0F5D0CD /* UpdateChecker.swift */,
				63738735992374454DFFD965 /* UpdateService.swift */,
				29D9EE51C43125F951439935 /* WorkspaceCoordinator.swift */,
			);
			path = Services;
			sourceTree = "<group>";
		};
		1F05A322587529E129E8CB85 /* FileLensTests */ = {
			isa = PBXGroup;
			children = (
				44027E634235E1AD69EB2545 /* BookmarkStoreTests.swift */,
				8AEB13FCE438EAB13CF95CFF /* BuiltInRulesTests.swift */,
				AE4BE5D538DBF09A954ADBE7 /* ConditionEvaluatorTests.swift */,
				BA91E9AF261309E44CC4AAEE /* ConfigIOTests.swift */,
				86E07756A69CE1E2DE0EA3A7 /* FileIndexerTests.swift */,
				9B1E79EB800BF7F6A081E690 /* KindClassifierTests.swift */,
				6809B84FD4ECE32202A026DE /* RuleEngineTests.swift */,
				80614E329F6887741C6CD472 /* SmokeTest.swift */,
				155A6BAEA16D45D6A694F583 /* StoreMigrationTests.swift */,
			);
			path = FileLensTests;
			sourceTree = "<group>";
		};
		276BFB4C9D2C852B563C74B9 = {
			isa = PBXGroup;
			children = (
				9998065CB845D1EB6CFE6EFD /* FileLens */,
				1F05A322587529E129E8CB85 /* FileLensTests */,
				824E149888DB107BD2E1AAC9 /* Products */,
			);
			indentWidth = 4;
			sourceTree = "<group>";
			tabWidth = 4;
			usesTabs = 0;
		};
		824E149888DB107BD2E1AAC9 /* Products */ = {
			isa = PBXGroup;
			children = (
				F8CC5E93498888D920C8825F /* FileLens.app */,
				EAEEC2CDC7A283F82157D107 /* FileLensTests.xctest */,
			);
			name = Products;
			sourceTree = "<group>";
		};
		9998065CB845D1EB6CFE6EFD /* FileLens */ = {
			isa = PBXGroup;
			children = (
				B4DA075B7637F930149C6308 /* FileLensApp.swift */,
				CBA06359BAFC657534DDEC65 /* Models */,
				B26E36B9103988EF28C5AD93 /* Resources */,
				0BC6AB81DDA190D1F80B47A9 /* Services */,
				E2555C9A732F2B684D8E30FE /* Views */,
			);
			path = FileLens;
			sourceTree = "<group>";
		};
		B26E36B9103988EF28C5AD93 /* Resources */ = {
			isa = PBXGroup;
			children = (
				8437296A7FAD343066127C37 /* Assets.xcassets */,
				796657B9F8347E915F892BD3 /* Localizable.xcstrings */,
			);
			path = Resources;
			sourceTree = "<group>";
		};
		CBA06359BAFC657534DDEC65 /* Models */ = {
			isa = PBXGroup;
			children = (
				1510856F65B2DAA3CF91E5A6 /* Condition.swift */,
				2C513FEF737C67F9A8A01313 /* FileNode.swift */,
				A7944B285B52C768330CAC0E /* FileTag.swift */,
				2827FC740B9A4FB3B0E74B77 /* Rule.swift */,
				57FC96CE6EB7EA1592EC8277 /* Workspace.swift */,
			);
			path = Models;
			sourceTree = "<group>";
		};
		E2555C9A732F2B684D8E30FE /* Views */ = {
			isa = PBXGroup;
			children = (
				66A147E9B1C7969B49E9F90B /* CommandPaletteView.swift */,
				D502659659F1157BF93A606B /* ContentView.swift */,
				916AD25C5BE879DF69AE58DE /* EmptyStateView.swift */,
				D50C4C9D4B9C9DE3080F7E93 /* FileContextMenu.swift */,
				9BDFC79CD7F350521E290383 /* FileGridView.swift */,
				E3054ED561401B7D6A12CF88 /* FileTableView.swift */,
				96D9E9F8EE0495017F38D06E /* FirstRunRulePicker.swift */,
				D6D7449A803044E4695A562D /* InspectorView.swift */,
				3153193915FCBA0517AF4887 /* RuleEditorView.swift */,
				50BA494FE9DF215ED4759FB8 /* SettingsView.swift */,
				5CAA54EFF677ED6497E10C6E /* SidebarView.swift */,
				7172EEC5BB032BFCDF940A7E /* WelcomeSheet.swift */,
				99A9BA082F3BF04C3E45EF10 /* WorkspaceSettingsView.swift */,
			);
			path = Views;
			sourceTree = "<group>";
		};
/* End PBXGroup section */

/* Begin PBXNativeTarget section */
		CB594EE2A0710ADEEC45D859 /* FileLens */ = {
			isa = PBXNativeTarget;
			buildConfigurationList = DA4E7DC57866B5B2864D34CB /* Build configuration list for PBXNativeTarget "FileLens" */;
			buildPhases = (
				E751C545CF6E87A16FCF83D9 /* Sources */,
				3A2FDEFD632DD3D25FA9A1BE /* Resources */,
				075C2474F00F25B320FEE540 /* Frameworks */,
			);
			buildRules = (
			);
			dependencies = (
			);
			name = FileLens;
			packageProductDependencies = (
				0DBD9BF9B944E53CCE4E8ADD /* KeyboardShortcuts */,
			);
			productName = FileLens;
			productReference = F8CC5E93498888D920C8825F /* FileLens.app */;
			productType = "com.apple.product-type.application";
		};
		CFCF23718310AC0E375130BB /* FileLensTests */ = {
			isa = PBXNativeTarget;
			buildConfigurationList = 8A149652C3D7F869C95E690F /* Build configuration list for PBXNativeTarget "FileLensTests" */;
			buildPhases = (
				B971D47BED58B451F798C873 /* Sources */,
			);
			buildRules = (
			);
			dependencies = (
				28BA7E05492BEAE1DF6224D6 /* PBXTargetDependency */,
			);
			name = FileLensTests;
			packageProductDependencies = (
			);
			productName = FileLensTests;
			productReference = EAEEC2CDC7A283F82157D107 /* FileLensTests.xctest */;
			productType = "com.apple.product-type.bundle.unit-test";
		};
/* End PBXNativeTarget section */

/* Begin PBXProject section */
		1C67C674A45E320D1E903B2E /* Project object */ = {
			isa = PBXProject;
			attributes = {
				BuildIndependentTargetsInParallel = YES;
				LastUpgradeCheck = 1430;
				TargetAttributes = {
					CB594EE2A0710ADEEC45D859 = {
						DevelopmentTeam = "";
						ProvisioningStyle = Automatic;
					};
					CFCF23718310AC0E375130BB = {
						DevelopmentTeam = "";
						ProvisioningStyle = Automatic;
					};
				};
			};
			buildConfigurationList = A973C8CD660572A985CD94B8 /* Build configuration list for PBXProject "FileLens" */;
			developmentRegion = en;
			hasScannedForEncodings = 0;
			knownRegions = (
				Base,
				en,
				"zh-Hans",
			);
			mainGroup = 276BFB4C9D2C852B563C74B9;
			minimizedProjectReferenceProxies = 1;
			packageReferences = (
				8713937A4BBBB60CB458984C /* XCRemoteSwiftPackageReference "KeyboardShortcuts" */,
			);
			preferredProjectObjectVersion = 77;
			productRefGroup = 824E149888DB107BD2E1AAC9 /* Products */;
			projectDirPath = "";
			projectRoot = "";
			targets = (
				CB594EE2A0710ADEEC45D859 /* FileLens */,
				CFCF23718310AC0E375130BB /* FileLensTests */,
			);
		};
/* End PBXProject section */

/* Begin PBXResourcesBuildPhase section */
		3A2FDEFD632DD3D25FA9A1BE /* Resources */ = {
			isa = PBXResourcesBuildPhase;
			buildActionMask = 2147483647;
			files = (
				0DF93577F854A421F8EBC0A4 /* Assets.xcassets in Resources */,
				C7B9F681A41DE611491846FF /* Localizable.xcstrings in Resources */,
			);
			runOnlyForDeploymentPostprocessing = 0;
		};
/* End PBXResourcesBuildPhase section */

/* Begin PBXSourcesBuildPhase section */
		B971D47BED58B451F798C873 /* Sources */ = {
			isa = PBXSourcesBuildPhase;
			buildActionMask = 2147483647;
			files = (
				7261297FF3212D80CE7E8157 /* BookmarkStoreTests.swift in Sources */,
				3B7E2D948A572E047D57CB2C /* BuiltInRulesTests.swift in Sources */,
				A2F4C3BE46B4561CD3ED926C /* ConditionEvaluatorTests.swift in Sources */,
				ED84E9FCBE25FCF9D7CC01E2 /* ConfigIOTests.swift in Sources */,
				B04E7A7D058FDAD42BC623F7 /* FileIndexerTests.swift in Sources */,
				C5EFE5C7D1D2A585CD99FA0A /* KindClassifierTests.swift in Sources */,
				CF08180DA757AEC2234843DF /* RuleEngineTests.swift in Sources */,
				82C50720487DE41E2F1EA732 /* SmokeTest.swift in Sources */,
				634BA646758DCC9EA0AC3887 /* StoreMigrationTests.swift in Sources */,
			);
			runOnlyForDeploymentPostprocessing = 0;
		};
		E751C545CF6E87A16FCF83D9 /* Sources */ = {
			isa = PBXSourcesBuildPhase;
			buildActionMask = 2147483647;
			files = (
				93FA60E2CFEAAE391C6E3A53 /* AppCommands.swift in Sources */,
				98627D18688AB769B8E19C66 /* AppDelegate.swift in Sources */,
				BB3ADF72F703933E87506D1B /* BookmarkStore.swift in Sources */,
				24153E22EB4BB69873FCC33F /* BuiltInRules.swift in Sources */,
				AB9772B645F10A1B46B98B41 /* ColorHexCoding.swift in Sources */,
				829558C26421B6041B0D2133 /* CommandPaletteView.swift in Sources */,
				0D10997452F00B1B358DF73A /* Condition.swift in Sources */,
				F090A71C8D9ED6D527B6ACC7 /* ConditionEvaluator.swift in Sources */,
				905F9ADA360943ED4DD9112F /* ConfigIO.swift in Sources */,
				76B88F61FC0D0B51A976B622 /* ContentView.swift in Sources */,
				9AFB44E60CDEFCA109433D87 /* CursorModifier.swift in Sources */,
				1C82483D668EF4C07A1908C9 /* DateBucket.swift in Sources */,
				F1900CADCDF077FABDB06686 /* EmptyStateView.swift in Sources */,
				A902406B739520D4C2EA8855 /* FileActionRegistry.swift in Sources */,
				9CE00AA429D40322D32B97E1 /* FileActions.swift in Sources */,
				382B78D383C9FD2DE70DCDD3 /* FileContextMenu.swift in Sources */,
				4A13DC334C4554C920BBADB9 /* FileGridView.swift in Sources */,
				4BBE6CA50FB57D057625BEE2 /* FileIconCache.swift in Sources */,
				E4CEAF3C49D444C42335A4B3 /* FileIndexer.swift in Sources */,
				D178594FB848DD18F1559E49 /* FileLensApp.swift in Sources */,
				3DBBF690170053F76C83D62A /* FileNode.swift in Sources */,
				2C7AA149CB06286CD4BBEA37 /* FileTableView.swift in Sources */,
				A861FBB846D01D8B9C50C561 /* FileTag.swift in Sources */,
				DBB9CA0E93E04B970FCCC733 /* FirstRunRulePicker.swift in Sources */,
				AD19DCBE9F9AA64562309D51 /* FolderWatcher.swift in Sources */,
				3D198C7CF2A975FA0C11B139 /* GlobalShortcuts.swift in Sources */,
				27EA6563D268529E3DE5CD7C /* InspectorView.swift in Sources */,
				A75A67CD151F61F8D9DE1690 /* KindClassifier.swift in Sources */,
				AF533D374D8DE6F77F83E887 /* KindDisplay.swift in Sources */,
				DD52D7BF0E733B1B36456D3A /* QuickLookCoordinator.swift in Sources */,
				32B594F0525E9A0309B08E03 /* Rule.swift in Sources */,
				1B45C965EDEFC84DB5F55369 /* RuleEditorView.swift in Sources */,
				7ADD9E1B0CE9222D4E420415 /* RuleEngine.swift in Sources */,
				F9F4ED901FD9AC32EB430BC6 /* RuleNameMigration.swift in Sources */,
				E040CF68070AD71791C00E18 /* SettingsView.swift in Sources */,
				64BB924545EC9CB42D0B24B5 /* SidebarView.swift in Sources */,
				35DAAE680BD7C5AC076D0672 /* StoreMigration.swift in Sources */,
				B8963B377E8BC946E90A83B3 /* TagDisplay.swift in Sources */,
				B3FABADE094A0DAB8751E53E /* ThumbnailService.swift in Sources */,
				751E64C7F0908F5C0AAEF373 /* Toast.swift in Sources */,
				D813923044148DDC41240297 /* UpdateChecker.swift in Sources */,
				BAB25144296EDA082C023A63 /* UpdateService.swift in Sources */,
				303A0445741E756661A3B350 /* WelcomeSheet.swift in Sources */,
				97A7EC8B05EFDB6A1442B25B /* Workspace.swift in Sources */,
				7030F71364E91DCCF5536B2B /* WorkspaceCoordinator.swift in Sources */,
				8A7EA4EB338279EC8E69D495 /* WorkspaceSettingsView.swift in Sources */,
			);
			runOnlyForDeploymentPostprocessing = 0;
		};
/* End PBXSourcesBuildPhase section */

/* Begin PBXTargetDependency section */
		28BA7E05492BEAE1DF6224D6 /* PBXTargetDependency */ = {
			isa = PBXTargetDependency;
			target = CB594EE2A0710ADEEC45D859 /* FileLens */;
			targetProxy = B62428E0D393D715CD295EB6 /* PBXContainerItemProxy */;
		};
/* End PBXTargetDependency section */

/* Begin XCBuildConfiguration section */
		2695F4DCE61320FE04A7B09B /* Debug */ = {
			isa = XCBuildConfiguration;
			buildSettings = {
				ASSETCATALOG_COMPILER_APPICON_NAME = AppIcon;
				CODE_SIGN_ENTITLEMENTS = FileLens.entitlements;
				COMBINE_HIDPI_IMAGES = YES;
				ENABLE_HARDENED_RUNTIME = YES;
				GENERATE_INFOPLIST_FILE = YES;
				INFOPLIST_KEY_CFBundleDisplayName = FileLens;
				INFOPLIST_KEY_CFBundleLocalizations = (
					en,
					"zh-Hans",
				);
				INFOPLIST_KEY_LSApplicationCategoryType = "public.app-category.utilities";
				INFOPLIST_KEY_NSHumanReadableCopyright = "© 2026 lifedever";
				INFOPLIST_KEY_NSMainStoryboardFile = "";
				INFOPLIST_KEY_NSPrincipalClass = NSApplication;
				LD_RUNPATH_SEARCH_PATHS = (
					"$(inherited)",
					"@executable_path/../Frameworks",
				);
				PRODUCT_BUNDLE_IDENTIFIER = com.lifedever.FileLens;
				SDKROOT = macosx;
			};
			name = Debug;
		};
		65F329F783A09E020739BD41 /* Release */ = {
			isa = XCBuildConfiguration;
			buildSettings = {
				ASSETCATALOG_COMPILER_APPICON_NAME = AppIcon;
				CODE_SIGN_ENTITLEMENTS = FileLens.entitlements;
				COMBINE_HIDPI_IMAGES = YES;
				ENABLE_HARDENED_RUNTIME = YES;
				GENERATE_INFOPLIST_FILE = YES;
				INFOPLIST_KEY_CFBundleDisplayName = FileLens;
				INFOPLIST_KEY_CFBundleLocalizations = (
					en,
					"zh-Hans",
				);
				INFOPLIST_KEY_LSApplicationCategoryType = "public.app-category.utilities";
				INFOPLIST_KEY_NSHumanReadableCopyright = "© 2026 lifedever";
				INFOPLIST_KEY_NSMainStoryboardFile = "";
				INFOPLIST_KEY_NSPrincipalClass = NSApplication;
				LD_RUNPATH_SEARCH_PATHS = (
					"$(inherited)",
					"@executable_path/../Frameworks",
				);
				PRODUCT_BUNDLE_IDENTIFIER = com.lifedever.FileLens;
				SDKROOT = macosx;
			};
			name = Release;
		};
		A134EEE2618CEED3736F67E8 /* Debug */ = {
			isa = XCBuildConfiguration;
			buildSettings = {
				ALWAYS_SEARCH_USER_PATHS = NO;
				CLANG_ANALYZER_NONNULL = YES;
				CLANG_ANALYZER_NUMBER_OBJECT_CONVERSION = YES_AGGRESSIVE;
				CLANG_CXX_LANGUAGE_STANDARD = "gnu++14";
				CLANG_CXX_LIBRARY = "libc++";
				CLANG_ENABLE_MODULES = YES;
				CLANG_ENABLE_OBJC_ARC = YES;
				CLANG_ENABLE_OBJC_WEAK = YES;
				CLANG_WARN_BLOCK_CAPTURE_AUTORELEASING = YES;
				CLANG_WARN_BOOL_CONVERSION = YES;
				CLANG_WARN_COMMA = YES;
				CLANG_WARN_CONSTANT_CONVERSION = YES;
				CLANG_WARN_DEPRECATED_OBJC_IMPLEMENTATIONS = YES;
				CLANG_WARN_DIRECT_OBJC_ISA_USAGE = YES_ERROR;
				CLANG_WARN_DOCUMENTATION_COMMENTS = YES;
				CLANG_WARN_EMPTY_BODY = YES;
				CLANG_WARN_ENUM_CONVERSION = YES;
				CLANG_WARN_INFINITE_RECURSION = YES;
				CLANG_WARN_INT_CONVERSION = YES;
				CLANG_WARN_NON_LITERAL_NULL_CONVERSION = YES;
				CLANG_WARN_OBJC_IMPLICIT_RETAIN_SELF = YES;
				CLANG_WARN_OBJC_LITERAL_CONVERSION = YES;
				CLANG_WARN_OBJC_ROOT_CLASS = YES_ERROR;
				CLANG_WARN_QUOTED_INCLUDE_IN_FRAMEWORK_HEADER = YES;
				CLANG_WARN_RANGE_LOOP_ANALYSIS = YES;
				CLANG_WARN_STRICT_PROTOTYPES = YES;
				CLANG_WARN_SUSPICIOUS_MOVE = YES;
				CLANG_WARN_UNGUARDED_AVAILABILITY = YES_AGGRESSIVE;
				CLANG_WARN_UNREACHABLE_CODE = YES;
				CLANG_WARN__DUPLICATE_METHOD_MATCH = YES;
				CODE_SIGN_IDENTITY = "-";
				CODE_SIGN_STYLE = Automatic;
				COPY_PHASE_STRIP = NO;
				CURRENT_PROJECT_VERSION = 4;
				DEBUG_INFORMATION_FORMAT = dwarf;
				DEVELOPMENT_TEAM = "";
				ENABLE_STRICT_OBJC_MSGSEND = YES;
				ENABLE_TESTABILITY = YES;
				ENABLE_USER_SCRIPT_SANDBOXING = NO;
				GCC_C_LANGUAGE_STANDARD = gnu11;
				GCC_DYNAMIC_NO_PIC = NO;
				GCC_NO_COMMON_BLOCKS = YES;
				GCC_OPTIMIZATION_LEVEL = 0;
				GCC_PREPROCESSOR_DEFINITIONS = (
					"$(inherited)",
					"DEBUG=1",
				);
				GCC_WARN_64_TO_32_BIT_CONVERSION = YES;
				GCC_WARN_ABOUT_RETURN_TYPE = YES_ERROR;
				GCC_WARN_UNDECLARED_SELECTOR = YES;
				GCC_WARN_UNINITIALIZED_AUTOS = YES_AGGRESSIVE;
				GCC_WARN_UNUSED_FUNCTION = YES;
				GCC_WARN_UNUSED_VARIABLE = YES;
				MACOSX_DEPLOYMENT_TARGET = 14.0;
				MARKETING_VERSION = 1.1.0;
				MTL_ENABLE_DEBUG_INFO = INCLUDE_SOURCE;
				MTL_FAST_MATH = YES;
				ONLY_ACTIVE_ARCH = YES;
				PRODUCT_NAME = "$(TARGET_NAME)";
				SDKROOT = macosx;
				SWIFT_ACTIVE_COMPILATION_CONDITIONS = DEBUG;
				SWIFT_OPTIMIZATION_LEVEL = "-Onone";
				SWIFT_VERSION = 5.9;
			};
			name = Debug;
		};
		A5D1A81D2878E13E0597AD58 /* Release */ = {
			isa = XCBuildConfiguration;
			buildSettings = {
				BUNDLE_LOADER = "$(TEST_HOST)";
				COMBINE_HIDPI_IMAGES = YES;
				GENERATE_INFOPLIST_FILE = YES;
				LD_RUNPATH_SEARCH_PATHS = (
					"$(inherited)",
					"@executable_path/../Frameworks",
					"@loader_path/../Frameworks",
				);
				PRODUCT_BUNDLE_IDENTIFIER = com.lifedever.FileLensTests;
				SDKROOT = macosx;
				TEST_HOST = "$(BUILT_PRODUCTS_DIR)/FileLens.app/Contents/MacOS/FileLens";
			};
			name = Release;
		};
		D66FAA359B1945F177D95D58 /* Release */ = {
			isa = XCBuildConfiguration;
			buildSettings = {
				ALWAYS_SEARCH_USER_PATHS = NO;
				CLANG_ANALYZER_NONNULL = YES;
				CLANG_ANALYZER_NUMBER_OBJECT_CONVERSION = YES_AGGRESSIVE;
				CLANG_CXX_LANGUAGE_STANDARD = "gnu++14";
				CLANG_CXX_LIBRARY = "libc++";
				CLANG_ENABLE_MODULES = YES;
				CLANG_ENABLE_OBJC_ARC = YES;
				CLANG_ENABLE_OBJC_WEAK = YES;
				CLANG_WARN_BLOCK_CAPTURE_AUTORELEASING = YES;
				CLANG_WARN_BOOL_CONVERSION = YES;
				CLANG_WARN_COMMA = YES;
				CLANG_WARN_CONSTANT_CONVERSION = YES;
				CLANG_WARN_DEPRECATED_OBJC_IMPLEMENTATIONS = YES;
				CLANG_WARN_DIRECT_OBJC_ISA_USAGE = YES_ERROR;
				CLANG_WARN_DOCUMENTATION_COMMENTS = YES;
				CLANG_WARN_EMPTY_BODY = YES;
				CLANG_WARN_ENUM_CONVERSION = YES;
				CLANG_WARN_INFINITE_RECURSION = YES;
				CLANG_WARN_INT_CONVERSION = YES;
				CLANG_WARN_NON_LITERAL_NULL_CONVERSION = YES;
				CLANG_WARN_OBJC_IMPLICIT_RETAIN_SELF = YES;
				CLANG_WARN_OBJC_LITERAL_CONVERSION = YES;
				CLANG_WARN_OBJC_ROOT_CLASS = YES_ERROR;
				CLANG_WARN_QUOTED_INCLUDE_IN_FRAMEWORK_HEADER = YES;
				CLANG_WARN_RANGE_LOOP_ANALYSIS = YES;
				CLANG_WARN_STRICT_PROTOTYPES = YES;
				CLANG_WARN_SUSPICIOUS_MOVE = YES;
				CLANG_WARN_UNGUARDED_AVAILABILITY = YES_AGGRESSIVE;
				CLANG_WARN_UNREACHABLE_CODE = YES;
				CLANG_WARN__DUPLICATE_METHOD_MATCH = YES;
				CODE_SIGN_IDENTITY = "-";
				CODE_SIGN_STYLE = Automatic;
				COPY_PHASE_STRIP = NO;
				CURRENT_PROJECT_VERSION = 4;
				DEBUG_INFORMATION_FORMAT = "dwarf-with-dsym";
				DEVELOPMENT_TEAM = "";
				ENABLE_NS_ASSERTIONS = NO;
				ENABLE_STRICT_OBJC_MSGSEND = YES;
				ENABLE_USER_SCRIPT_SANDBOXING = NO;
				GCC_C_LANGUAGE_STANDARD = gnu11;
				GCC_NO_COMMON_BLOCKS = YES;
				GCC_WARN_64_TO_32_BIT_CONVERSION = YES;
				GCC_WARN_ABOUT_RETURN_TYPE = YES_ERROR;
				GCC_WARN_UNDECLARED_SELECTOR = YES;
				GCC_WARN_UNINITIALIZED_AUTOS = YES_AGGRESSIVE;
				GCC_WARN_UNUSED_FUNCTION = YES;
				GCC_WARN_UNUSED_VARIABLE = YES;
				MACOSX_DEPLOYMENT_TARGET = 14.0;
				MARKETING_VERSION = 1.1.0;
				MTL_ENABLE_DEBUG_INFO = NO;
				MTL_FAST_MATH = YES;
				PRODUCT_NAME = "$(TARGET_NAME)";
				SDKROOT = macosx;
				SWIFT_COMPILATION_MODE = wholemodule;
				SWIFT_OPTIMIZATION_LEVEL = "-O";
				SWIFT_VERSION = 5.9;
			};
			name = Release;
		};
		D8C125640B47977A4666C8A1 /* Debug */ = {
			isa = XCBuildConfiguration;
			buildSettings = {
				BUNDLE_LOADER = "$(TEST_HOST)";
				COMBINE_HIDPI_IMAGES = YES;
				GENERATE_INFOPLIST_FILE = YES;
				LD_RUNPATH_SEARCH_PATHS = (
					"$(inherited)",
					"@executable_path/../Frameworks",
					"@loader_path/../Frameworks",
				);
				PRODUCT_BUNDLE_IDENTIFIER = com.lifedever.FileLensTests;
				SDKROOT = macosx;
				TEST_HOST = "$(BUILT_PRODUCTS_DIR)/FileLens.app/Contents/MacOS/FileLens";
			};
			name = Debug;
		};
/* End XCBuildConfiguration section */

/* Begin XCConfigurationList section */
		8A149652C3D7F869C95E690F /* Build configuration list for PBXNativeTarget "FileLensTests" */ = {
			isa = XCConfigurationList;
			buildConfigurations = (
				D8C125640B47977A4666C8A1 /* Debug */,
				A5D1A81D2878E13E0597AD58 /* Release */,
			);
			defaultConfigurationIsVisible = 0;
			defaultConfigurationName = Debug;
		};
		A973C8CD660572A985CD94B8 /* Build configuration list for PBXProject "FileLens" */ = {
			isa = XCConfigurationList;
			buildConfigurations = (
				A134EEE2618CEED3736F67E8 /* Debug */,
				D66FAA359B1945F177D95D58 /* Release */,
			);
			defaultConfigurationIsVisible = 0;
			defaultConfigurationName = Debug;
		};
		DA4E7DC57866B5B2864D34CB /* Build configuration list for PBXNativeTarget "FileLens" */ = {
			isa = XCConfigurationList;
			buildConfigurations = (
				2695F4DCE61320FE04A7B09B /* Debug */,
				65F329F783A09E020739BD41 /* Release */,
			);
			defaultConfigurationIsVisible = 0;
			defaultConfigurationName = Debug;
		};
/* End XCConfigurationList section */

/* Begin XCRemoteSwiftPackageReference section */
		8713937A4BBBB60CB458984C /* XCRemoteSwiftPackageReference "KeyboardShortcuts" */ = {
			isa = XCRemoteSwiftPackageReference;
			repositoryURL = "https://github.com/sindresorhus/KeyboardShortcuts";
			requirement = {
				kind = upToNextMajorVersion;
				minimumVersion = 2.2.0;
			};
		};
/* End XCRemoteSwiftPackageReference section */

/* Begin XCSwiftPackageProductDependency section */
		0DBD9BF9B944E53CCE4E8ADD /* KeyboardShortcuts */ = {
			isa = XCSwiftPackageProductDependency;
			package = 8713937A4BBBB60CB458984C /* XCRemoteSwiftPackageReference "KeyboardShortcuts" */;
			productName = KeyboardShortcuts;
		};
/* End XCSwiftPackageProductDependency section */
	};
	rootObject = 1C67C674A45E320D1E903B2E /* Project object */;
}
